
Microsoft Visual Studio Solution File, Format Version 12.00
# Visual Studio 14
VisualStudioVersion = 14.0.25420.1
MinimumVisualStudioVersion = 10.0.40219.1
Project("{FAE04EC0-301F-11D3-BF4B-00C04F79EFBC}") = "marimba-web", "marimba-web\marimba-web.csproj", "{D476815B-C2AC-46A0-9B6D-D44E72F597D5}"
EndProject
Project("{FAE04EC0-301F-11D3-BF4B-00C04F79EFBC}") = "marimba-web.Tests", "marimba-web.Tests\marimba-web.Tests.csproj", "{186E5F60-F96E-4336-B8A0-3719954E85CA}"
EndProject
Global
	GlobalSection(SolutionConfigurationPlatforms) = preSolution
		Debug|Any CPU = Debug|Any CPU
		Release|Any CPU = Release|Any CPU
	EndGlobalSection
	GlobalSection(ProjectConfigurationPlatforms) = postSolution
		{D476815B-C2AC-46A0-9B6D-D44E72F597D5}.Debug|Any CPU.ActiveCfg = Debug|Any CPU
		{D476815B-C2AC-46A0-9B6D-D44E72F597D5}.Debug|Any CPU.Build.0 = Debug|Any CPU
		{D476815B-C2AC-46A0-9B6D-D44E72F597D5}.Release|Any CPU.ActiveCfg = Release|Any CPU
		{D476815B-C2AC-46A0-9B6D-D44E72F597D5}.Release|Any CPU.Build.0 = Release|Any CPU
		{186E5F60-F96E-4336-B8A0-3719954E85CA}.Debug|Any CPU.ActiveCfg = Debug|Any CPU
		{186E5F60-F96E-4336-B8A0-3719954E85CA}.Debug|Any CPU.Build.0 = Debug|Any CPU
		{186E5F60-F96E-4336-B8A0-3719954E85CA}.Release|Any CPU.ActiveCfg = Release|Any CPU
		{186E5F60-F96E-4336-B8A0-3719954E85CA}.Release|Any CPU.Build.0 = Release|Any CPU
	EndGlobalSection
	GlobalSection(SolutionProperties) = preSolution
		HideSolutionNode = FALSE
	EndGlobalSection
EndGlobal
