
Microsoft Visual Studio Solution File, Format Version 12.00
# Visual Studio Version 16
VisualStudioVersion = 16.0.29509.3
MinimumVisualStudioVersion = 10.0.40219.1
Project("{FAE04EC0-301F-11D3-BF4B-00C04F79EFBC}") = "marimba-web", "marimba-web.csproj", "{6BB89ADA-87B2-4E6A-BCD1-3E7B14C46320}"
EndProject
Global
	GlobalSection(SolutionConfigurationPlatforms) = preSolution
		Debug|Any CPU = Debug|Any CPU
		Release|Any CPU = Release|Any CPU
	EndGlobalSection
	GlobalSection(ProjectConfigurationPlatforms) = postSolution
		{6BB89ADA-87B2-4E6A-BCD1-3E7B14C46320}.Debug|Any CPU.ActiveCfg = Debug|Any CPU
		{6BB89ADA-87B2-4E6A-BCD1-3E7B14C46320}.Debug|Any CPU.Build.0 = Debug|Any CPU
		{6BB89ADA-87B2-4E6A-BCD1-3E7B14C46320}.Release|Any CPU.ActiveCfg = Release|Any CPU
		{6BB89ADA-87B2-4E6A-BCD1-3E7B14C46320}.Release|Any CPU.Build.0 = Release|Any CPU
	EndGlobalSection
	GlobalSection(SolutionProperties) = preSolution
		HideSolutionNode = FALSE
	EndGlobalSection
	GlobalSection(ExtensibilityGlobals) = postSolution
		SolutionGuid = {FCB006D6-D137-4533-8CAD-D7C0A7F25590}
	EndGlobalSection
EndGlobal
